
Microsoft Visual Studio Solution File, Format Version 12.00
# Visual Studio Version 17
VisualStudioVersion = 17.9.34723.18
MinimumVisualStudioVersion = 10.0.40219.1
Project("{FAE04EC0-301F-11D3-BF4B-00C04F79EFBC}") = "lab06", "lab06.csproj", "{7C8AFF36-E1F5-45E7-9F28-A0C7D7B98837}"
EndProject
Global
	GlobalSection(SolutionConfigurationPlatforms) = preSolution
		Debug|Any CPU = Debug|Any CPU
		Release|Any CPU = Release|Any CPU
	EndGlobalSection
	GlobalSection(ProjectConfigurationPlatforms) = postSolution
		{7C8AFF36-E1F5-45E7-9F28-A0C7D7B98837}.Debug|Any CPU.ActiveCfg = Debug|Any CPU
		{7C8AFF36-E1F5-45E7-9F28-A0C7D7B98837}.Debug|Any CPU.Build.0 = Debug|Any CPU
		{7C8AFF36-E1F5-45E7-9F28-A0C7D7B98837}.Release|Any CPU.ActiveCfg = Release|Any CPU
		{7C8AFF36-E1F5-45E7-9F28-A0C7D7B98837}.Release|Any CPU.Build.0 = Release|Any CPU
	EndGlobalSection
	GlobalSection(SolutionProperties) = preSolution
		HideSolutionNode = FALSE
	EndGlobalSection
	GlobalSection(ExtensibilityGlobals) = postSolution
		SolutionGuid = {679410F2-9ABD-42D8-B8FB-5CC796F2354F}
	EndGlobalSection
EndGlobal
